
Microsoft Visual Studio Solution File, Format Version 12.00
# Visual Studio Version 16
VisualStudioVersion = 16.0.30503.244
MinimumVisualStudioVersion = 10.0.40219.1
Project("{9A19103F-16F7-4668-BE54-9A1E7A4F7556}") = "SchedulerTools", "SchedulerTools\SchedulerTools.csproj", "{4EC86A94-5C48-4334-B22A-CF0368DD4789}"
	ProjectSection(ProjectDependencies) = postProject
		{830B1031-155D-41DF-9476-814F4DA47187} = {830B1031-155D-41DF-9476-814F4DA47187}
	EndProjectSection
EndProject
Project("{2150E333-8FDC-42A3-9474-1A3956D46DE8}") = "Solution Items", "Solution Items", "{1EFDED5B-1146-4538-87D7-C582A585A357}"
	ProjectSection(SolutionItems) = preProject
		.editorconfig = .editorconfig
	EndProjectSection
EndProject
Project("{9A19103F-16F7-4668-BE54-9A1E7A4F7556}") = "PreBuild", "PreBuild\PreBuild.csproj", "{830B1031-155D-41DF-9476-814F4DA47187}"
EndProject
Global
	GlobalSection(SolutionConfigurationPlatforms) = preSolution
		Debug|x64 = Debug|x64
		Release|x64 = Release|x64
	EndGlobalSection
	GlobalSection(ProjectConfigurationPlatforms) = postSolution
		{4EC86A94-5C48-4334-B22A-CF0368DD4789}.Debug|x64.ActiveCfg = Debug|x64
		{4EC86A94-5C48-4334-B22A-CF0368DD4789}.Debug|x64.Build.0 = Debug|x64
		{4EC86A94-5C48-4334-B22A-CF0368DD4789}.Release|x64.ActiveCfg = Release|x64
		{4EC86A94-5C48-4334-B22A-CF0368DD4789}.Release|x64.Build.0 = Release|x64
		{830B1031-155D-41DF-9476-814F4DA47187}.Debug|x64.ActiveCfg = Debug|x64
		{830B1031-155D-41DF-9476-814F4DA47187}.Debug|x64.Build.0 = Debug|x64
		{830B1031-155D-41DF-9476-814F4DA47187}.Release|x64.ActiveCfg = Release|x64
		{830B1031-155D-41DF-9476-814F4DA47187}.Release|x64.Build.0 = Release|x64
	EndGlobalSection
	GlobalSection(SolutionProperties) = preSolution
		HideSolutionNode = FALSE
	EndGlobalSection
	GlobalSection(ExtensibilityGlobals) = postSolution
		SolutionGuid = {B2BCE628-E3BB-41E2-928F-BEA7A679A25F}
	EndGlobalSection
EndGlobal
